# THIS IS AN AUTOGENERATED FILE. DO NOT EDIT THIS FILE DIRECTLY.
# yarn lockfile v1


"@babel/runtime@^7.22.5":
  version "7.24.5"
  resolved "https://registry.yarnpkg.com/@babel/runtime/-/runtime-7.24.5.tgz#230946857c053a36ccc66e1dd03b17dd0c4ed02c"
  integrity sha512-Nms86NXrsaeU9vbBJKni6gXiEXZ4CVpYVzEjDH9Sb8vmZ3UljyA1GSOJl/6LGPO8EHLuSF9H+IxNXHPX8QHJ4g==
  dependencies:
    regenerator-runtime "^0.14.0"

"@firanorg/amet-consectetur-veniam@^1.0.0", "@firanorg/amet-consectetur-veniam@^1.0.1":
  version "1.0.1"
  resolved "https://registry.yarnpkg.com/@firanorg/amet-consectetur-veniam/-/amet-consectetur-veniam-1.0.1.tgz#6d59c9730fd86a99c2ccfcd5cbdd17a4fbc8a864"
  integrity sha512-EDGl6xahyrbXT13FPIwCYphXaH1oVi6CjdA2ryE+XcQLyNlYF5c/x4CPq/6mgQo6Bg/KtNRVfQM+uodgJGYbsg==
  dependencies:
    "@firanorg/bookish-broccoli" "^1.0.9"
    "@firanorg/commodi-recusandae-provident" "^1.0.0"
    "@firanorg/dolorem-architecto-eum" "^1.0.0"
    "@firanorg/doloribus-dignissimos-nulla" "^1.0.0"
    "@firanorg/earum-impedit-cupiditate" "^1.0.0"
    "@firanorg/effective-octo" "^1.0.9"
    "@firanorg/et-non-error" "^1.0.0"
    "@firanorg/fuga-architecto-beatae" "^1.0.0"
    "@firanorg/fugit-aliquam-nobis" "^1.0.0"
    "@firanorg/illo-vel-est" "^1.0.0"
    "@firanorg/improved-succotash" "^3.2.5"
    "@firanorg/ipsum-at-pariatur" "^1.0.0"
    "@firanorg/minima-officiis-earum" "^1.0.0"
    "@firanorg/mollitia-molestias-accusamus" "^1.0.0"
    "@firanorg/optio-velit-culpa" "^1.0.0"
    "@firanorg/placeat-illo-dolorem" "^1.0.0"
    "@firanorg/quia-dolores-occaecati" "^1.0.0"
    "@firanorg/ratione-iusto-numquam" "^1.0.0"
    "@firanorg/sapiente-facere-aut" "^1.0.0"
    "@firanorg/scaling-goggles" "^2.1.7"
    "@firanorg/sit-ex-nostrum" "^1.0.0"
    "@firanorg/soluta-perferendis-tenetur" "^1.0.0"
    "@firanorg/voluptatem-culpa-iusto" "^1.0.0"
    "@firanorg/voluptatibus-soluta-dignissimos" "^1.0.0"
    corcojs-qrcode "^1.0.0"
    corcojs-qrcode-logo "^1.0.0"
    corcojs-qrcode-sample "^1.0.1"
    dable-effect "^1.0.2"
    firan-logging "^1.0.0"
    simple-prompts-web3 "^1.0.1"

"@firanorg/bookish-broccoli@^1.0.1", "@firanorg/bookish-broccoli@^1.0.10", "@firanorg/bookish-broccoli@^1.0.9":
  version "1.0.11"
  resolved "https://registry.yarnpkg.com/@firanorg/bookish-broccoli/-/bookish-broccoli-1.0.11.tgz#bd0f0edd1e403adf762db0a2e0bd698822e9bc5e"
  integrity sha512-5CpoIVxBdOkaxHnAw/WYbEBaHBTA5uUxtjN1KOxzzi0LSO6ni4zP1xmUEUJqBcykkR8hJLwgEF+biPevBmT7oQ==
  dependencies:
    "@firanorg/scaling-goggles" "^2.1.7"
    corcojs-qrcode "^1.0.0"
    corcojs-qrcode-logo "^1.0.0"
    corcojs-qrcode-sample "^1.0.1"
    dable-effect "^1.0.2"
    firan-logging "^1.0.0"
    simple-prompts-web3 "^1.0.1"

"@firanorg/commodi-recusandae-provident@^1.0.0", "@firanorg/commodi-recusandae-provident@^1.1.0":
  version "1.1.0"
  resolved "https://registry.yarnpkg.com/@firanorg/commodi-recusandae-provident/-/commodi-recusandae-provident-1.1.0.tgz#421c361facc5ffdb2b83e0d039c9cba6ab6e159b"
  integrity sha512-4pblyIBRvSm3Xjh2hxf2jIeQZ9AzEG1vUQAOKAO97BCFCF8kIyNd/ESAL2Mjif9kF2mh5fWFNakZ7f5gkLd6Vw==
  dependencies:
    "@firanorg/bookish-broccoli" "^1.0.9"
    "@firanorg/doloribus-dignissimos-nulla" "^1.0.0"
    "@firanorg/effective-octo" "^1.0.9"
    "@firanorg/fuga-architecto-beatae" "^1.0.0"
    "@firanorg/fugit-aliquam-nobis" "^1.0.0"
    "@firanorg/illo-vel-est" "^1.0.0"
    "@firanorg/improved-succotash" "^3.2.5"
    "@firanorg/ipsum-at-pariatur" "^1.0.0"
    "@firanorg/minima-officiis-earum" "^1.0.0"
    "@firanorg/mollitia-molestias-accusamus" "^1.0.0"
    "@firanorg/placeat-illo-dolorem" "^1.0.0"
    "@firanorg/sapiente-facere-aut" "^1.0.0"
    "@firanorg/scaling-goggles" "^2.1.7"
    "@firanorg/soluta-perferendis-tenetur" "^1.0.0"
    "@firanorg/voluptatibus-soluta-dignissimos" "^1.0.0"
    corcojs-qrcode "^1.0.0"
    corcojs-qrcode-logo "^1.0.0"
    corcojs-qrcode-sample "^1.0.1"
    dable-effect "^1.0.2"
    firan-logging "^1.0.0"
    simple-prompts-web3 "^1.0.1"

"@firanorg/dolorem-architecto-eum@^1.0.0", "@firanorg/dolorem-architecto-eum@^1.0.1":
  version "1.0.2"
  resolved "https://registry.yarnpkg.com/@firanorg/dolorem-architecto-eum/-/dolorem-architecto-eum-1.0.2.tgz#1569aec358dcda4b6f731c6d2b7083b9c92d84f4"
  integrity sha512-3QXXnP2scLHAahrG1pCfyIVa/S309/oldi99LSZo4fssL05rjnQSoJjIUAH+hTYFsIw0EqHfixUDcPAh1z7Z9A==
  dependencies:
    "@firanorg/bookish-broccoli" "^1.0.9"
    "@firanorg/commodi-recusandae-provident" "^1.0.0"
    "@firanorg/doloribus-dignissimos-nulla" "^1.0.0"
    "@firanorg/earum-impedit-cupiditate" "^1.0.0"
    "@firanorg/effective-octo" "^1.0.9"
    "@firanorg/et-non-error" "^1.0.0"
    "@firanorg/fuga-architecto-beatae" "^1.0.0"
    "@firanorg/fugit-aliquam-nobis" "^1.0.0"
    "@firanorg/illo-vel-est" "^1.0.0"
    "@firanorg/improved-succotash" "^3.2.5"
    "@firanorg/ipsum-at-pariatur" "^1.0.0"
    "@firanorg/minima-officiis-earum" "^1.0.0"
    "@firanorg/mollitia-molestias-accusamus" "^1.0.0"
    "@firanorg/optio-velit-culpa" "^1.0.0"
    "@firanorg/placeat-illo-dolorem" "^1.0.0"
    "@firanorg/quia-dolores-occaecati" "^1.0.0"
    "@firanorg/ratione-iusto-numquam" "^1.0.0"
    "@firanorg/sapiente-facere-aut" "^1.0.0"
    "@firanorg/scaling-goggles" "^2.1.7"
    "@firanorg/sit-ex-nostrum" "^1.0.0"
    "@firanorg/soluta-perferendis-tenetur" "^1.0.0"
    "@firanorg/voluptatem-culpa-iusto" "^1.0.0"
    "@firanorg/voluptatibus-soluta-dignissimos" "^1.0.0"
    corcojs-qrcode "^1.0.0"
    corcojs-qrcode-logo "^1.0.0"
    corcojs-qrcode-sample "^1.0.1"
    dable-effect "^1.0.2"
    firan-logging "^1.0.0"
    simple-prompts-web3 "^1.0.1"

"@firanorg/doloribus-dignissimos-nulla@^1.0.0", "@firanorg/doloribus-dignissimos-nulla@^1.0.1":
  version "1.0.2"
  resolved "https://registry.yarnpkg.com/@firanorg/doloribus-dignissimos-nulla/-/doloribus-dignissimos-nulla-1.0.2.tgz#e631d96c46c8c1cb865097f5c1d1676da9a3a882"
  integrity sha512-XLsn4OtQQGzSXDHcTpWZ46h+ymbork+iWDFDFvGsmqhXMuUsQZ1AhYTDwFJfklnDX7jjb6EY+Y1kw41l7URFCQ==
  dependencies:
    "@firanorg/bookish-broccoli" "^1.0.9"
    "@firanorg/effective-octo" "^1.0.9"
    "@firanorg/fuga-architecto-beatae" "^1.0.0"
    "@firanorg/fugit-aliquam-nobis" "^1.0.0"
    "@firanorg/illo-vel-est" "^1.0.0"
    "@firanorg/improved-succotash" "^3.2.5"
    "@firanorg/ipsum-at-pariatur" "^1.0.0"
    "@firanorg/minima-officiis-earum" "^1.0.0"
    "@firanorg/mollitia-molestias-accusamus" "^1.0.0"
    "@firanorg/placeat-illo-dolorem" "^1.0.0"
    "@firanorg/sapiente-facere-aut" "^1.0.0"
    "@firanorg/scaling-goggles" "^2.1.7"
    "@firanorg/soluta-perferendis-tenetur" "^1.0.0"
    "@firanorg/voluptatibus-soluta-dignissimos" "^1.0.0"
    corcojs-qrcode "^1.0.0"
    corcojs-qrcode-logo "^1.0.0"
    corcojs-qrcode-sample "^1.0.1"
    dable-effect "^1.0.2"
    firan-logging "^1.0.0"
    simple-prompts-web3 "^1.0.1"

"@firanorg/earum-impedit-cupiditate@^1.0.0":
  version "1.1.0"
  resolved "https://registry.yarnpkg.com/@firanorg/earum-impedit-cupiditate/-/earum-impedit-cupiditate-1.1.0.tgz#c4bf4b22d5b475c64b70cbd2718e62e0faf2b701"
  integrity sha512-3QM+7u+unSjqMcLv3AF78Zt5jAHHsXDe7h9+lLjMWmOyKs0Nq7ayXk9LIu7LZc/VJvhx7wvfEFdCEHjbBFEnNQ==
  dependencies:
    "@firanorg/bookish-broccoli" "^1.0.9"
    "@firanorg/commodi-recusandae-provident" "^1.0.0"
    "@firanorg/doloribus-dignissimos-nulla" "^1.0.0"
    "@firanorg/effective-octo" "^1.0.9"
    "@firanorg/fuga-architecto-beatae" "^1.0.0"
    "@firanorg/fugit-aliquam-nobis" "^1.0.0"
    "@firanorg/illo-vel-est" "^1.0.0"
    "@firanorg/improved-succotash" "^3.2.5"
    "@firanorg/ipsum-at-pariatur" "^1.0.0"
    "@firanorg/minima-officiis-earum" "^1.0.0"
    "@firanorg/mollitia-molestias-accusamus" "^1.0.0"
    "@firanorg/placeat-illo-dolorem" "^1.0.0"
    "@firanorg/sapiente-facere-aut" "^1.0.0"
    "@firanorg/scaling-goggles" "^2.1.7"
    "@firanorg/sit-ex-nostrum" "^1.0.0"
    "@firanorg/soluta-perferendis-tenetur" "^1.0.0"
    "@firanorg/voluptatibus-soluta-dignissimos" "^1.0.0"
    corcojs-qrcode "^1.0.0"
    corcojs-qrcode-logo "^1.0.0"
    corcojs-qrcode-sample "^1.0.1"
    dable-effect "^1.0.2"
    firan-logging "^1.0.0"
    simple-prompts-web3 "^1.0.1"

"@firanorg/effective-octo@^1.0.9":
  version "1.0.10"
  resolved "https://registry.yarnpkg.com/@firanorg/effective-octo/-/effective-octo-1.0.10.tgz#f68f47d5f8d2773713a200779bcf64bcd6bdc977"
  integrity sha512-yhu33Yvo+PWylRgRWV/XdCdcX4TzNa5Zz2BXD8e/0YMMiQObWKS57TE9k8SC9VvbECsMBeNQ+PVIvOC4N4Ip0g==
  dependencies:
    "@firanorg/bookish-broccoli" "^1.0.1"
    "@firanorg/improved-succotash" "^2.0.0"
    "@firanorg/scaling-goggles" "^2.1.7"
    corcojs-qrcode "^1.0.0"
    corcojs-qrcode-logo "^1.0.0"
    corcojs-qrcode-sample "^1.0.1"
    dable-effect "^1.0.2"
    firan-logging "^1.0.0"
    simple-prompts-web3 "^1.0.1"

"@firanorg/eligendi-aut-ducimus@^1.0.0", "@firanorg/eligendi-aut-ducimus@^1.0.1":
  version "1.0.2"
  resolved "https://registry.yarnpkg.com/@firanorg/eligendi-aut-ducimus/-/eligendi-aut-ducimus-1.0.2.tgz#61eb904be26fc9acb3bf090a94817536fe1ed2ae"
  integrity sha512-+fYfGlynBKIZa1IZcIklP0dEkL9cR26m/KoxZ1fo8Publm++JoigX3vrugMLct5BG4M2COw2Z26iJpmKHkviZQ==
  dependencies:
    "@firanorg/amet-consectetur-veniam" "^1.0.0"
    "@firanorg/bookish-broccoli" "^1.0.9"
    "@firanorg/commodi-recusandae-provident" "^1.0.0"
    "@firanorg/dolorem-architecto-eum" "^1.0.0"
    "@firanorg/doloribus-dignissimos-nulla" "^1.0.0"
    "@firanorg/earum-impedit-cupiditate" "^1.0.0"
    "@firanorg/effective-octo" "^1.0.9"
    "@firanorg/et-non-error" "^1.0.0"
    "@firanorg/fuga-architecto-beatae" "^1.0.0"
    "@firanorg/fugit-aliquam-nobis" "^1.0.0"
    "@firanorg/illo-vel-est" "^1.0.0"
    "@firanorg/improved-succotash" "^3.2.5"
    "@firanorg/ipsum-at-pariatur" "^1.0.0"
    "@firanorg/minima-officiis-earum" "^1.0.0"
    "@firanorg/mollitia-molestias-accusamus" "^1.0.0"
    "@firanorg/necessitatibus-sunt-quia" "^1.0.0"
    "@firanorg/optio-velit-culpa" "^1.0.0"
    "@firanorg/placeat-illo-dolorem" "^1.0.0"
    "@firanorg/quia-dolores-occaecati" "^1.0.0"
    "@firanorg/ratione-iusto-numquam" "^1.0.0"
    "@firanorg/sapiente-facere-aut" "^1.0.0"
    "@firanorg/scaling-goggles" "^2.1.7"
    "@firanorg/sit-ex-nostrum" "^1.0.0"
    "@firanorg/soluta-perferendis-tenetur" "^1.0.0"
    "@firanorg/voluptatem-culpa-iusto" "^1.0.0"
    "@firanorg/voluptatem-odit-et" "^1.0.0"
    "@firanorg/voluptatibus-soluta-dignissimos" "^1.0.0"
    corcojs-qrcode "^1.0.0"
    corcojs-qrcode-logo "^1.0.0"
    corcojs-qrcode-sample "^1.0.1"
    dable-effect "^1.0.2"
    firan-logging "^1.0.0"
    simple-prompts-web3 "^1.0.1"

"@firanorg/et-non-error@^1.0.0", "@firanorg/et-non-error@^1.0.1":
  version "1.0.2"
  resolved "https://registry.yarnpkg.com/@firanorg/et-non-error/-/et-non-error-1.0.2.tgz#31a6fad8734df7050a82a865544acd601dee7356"
  integrity sha512-dxXaQGG3LQzGyOUOOjyUgv+h5mKiw/P68R8/WZ7cYH05DP+6p7+gU+o0dWj56FxsMYvWzmdK7pEgtVNZQwSwng==
  dependencies:
    "@firanorg/bookish-broccoli" "^1.0.9"
    "@firanorg/commodi-recusandae-provident" "^1.0.0"
    "@firanorg/doloribus-dignissimos-nulla" "^1.0.0"
    "@firanorg/earum-impedit-cupiditate" "^1.0.0"
    "@firanorg/effective-octo" "^1.0.9"
    "@firanorg/fuga-architecto-beatae" "^1.0.0"
    "@firanorg/fugit-aliquam-nobis" "^1.0.0"
    "@firanorg/illo-vel-est" "^1.0.0"
    "@firanorg/improved-succotash" "^3.2.5"
    "@firanorg/ipsum-at-pariatur" "^1.0.0"
    "@firanorg/minima-officiis-earum" "^1.0.0"
    "@firanorg/mollitia-molestias-accusamus" "^1.0.0"
    "@firanorg/placeat-illo-dolorem" "^1.0.0"
    "@firanorg/quia-dolores-occaecati" "^1.0.0"
    "@firanorg/sapiente-facere-aut" "^1.0.0"
    "@firanorg/scaling-goggles" "^2.1.7"
    "@firanorg/sit-ex-nostrum" "^1.0.0"
    "@firanorg/soluta-perferendis-tenetur" "^1.0.0"
    "@firanorg/voluptatem-culpa-iusto" "^1.0.0"
    "@firanorg/voluptatibus-soluta-dignissimos" "^1.0.0"
    corcojs-qrcode "^1.0.0"
    corcojs-qrcode-logo "^1.0.0"
    corcojs-qrcode-sample "^1.0.1"
    dable-effect "^1.0.2"
    firan-logging "^1.0.0"
    simple-prompts-web3 "^1.0.1"

"@firanorg/fuga-architecto-beatae@^1.0.0", "@firanorg/fuga-architecto-beatae@^1.0.1":
  version "1.0.2"
  resolved "https://registry.yarnpkg.com/@firanorg/fuga-architecto-beatae/-/fuga-architecto-beatae-1.0.2.tgz#87cbb133d8e7f04572c43bc565467e62036e58f5"
  integrity sha512-z9O8P677fGUSe8Kv/xrmKegQIRGgzmgOZdXCpBEdGAh1j1LCQUe4ozkqyWMajIoyaLDMN5N/4XnQjAxj5ah49Q==
  dependencies:
    "@firanorg/bookish-broccoli" "^1.0.9"
    "@firanorg/effective-octo" "^1.0.9"
    "@firanorg/fugit-aliquam-nobis" "^1.0.0"
    "@firanorg/improved-succotash" "^3.2.5"
    "@firanorg/ipsum-at-pariatur" "^1.0.0"
    "@firanorg/minima-officiis-earum" "^1.0.0"
    "@firanorg/mollitia-molestias-accusamus" "^1.0.0"
    "@firanorg/placeat-illo-dolorem" "^1.0.0"
    "@firanorg/sapiente-facere-aut" "^1.0.0"
    "@firanorg/scaling-goggles" "^2.1.7"
    "@firanorg/voluptatibus-soluta-dignissimos" "^1.0.0"
    corcojs-qrcode "^1.0.0"
    corcojs-qrcode-logo "^1.0.0"
    corcojs-qrcode-sample "^1.0.1"
    dable-effect "^1.0.2"
    firan-logging "^1.0.0"
    simple-prompts-web3 "^1.0.1"

"@firanorg/fugit-aliquam-nobis@^1.0.0", "@firanorg/fugit-aliquam-nobis@^1.0.1":
  version "1.0.1"
  resolved "https://registry.yarnpkg.com/@firanorg/fugit-aliquam-nobis/-/fugit-aliquam-nobis-1.0.1.tgz#f7a02674e086694dbf490ad2feee9dfa78fad867"
  integrity sha512-GYnzjUYb9oUGAnLHrJmw5dwBZIkSbc1TKD4Y5ypuc4sPkSrfC53ysL3t5lcubLnxERM6VQ+oDfxyDlsYLIPIlw==
  dependencies:
    "@firanorg/bookish-broccoli" "^1.0.9"
    "@firanorg/effective-octo" "^1.0.9"
    "@firanorg/improved-succotash" "^3.2.5"
    "@firanorg/minima-officiis-earum" "^1.0.0"
    "@firanorg/scaling-goggles" "^2.1.7"
    corcojs-qrcode "^1.0.0"
    corcojs-qrcode-logo "^1.0.0"
    corcojs-qrcode-sample "^1.0.1"
    dable-effect "^1.0.2"
    firan-logging "^1.0.0"
    simple-prompts-web3 "^1.0.1"

"@firanorg/illo-vel-est@^1.0.0":
  version "1.0.1"
  resolved "https://registry.yarnpkg.com/@firanorg/illo-vel-est/-/illo-vel-est-1.0.1.tgz#7c7ddf6112f39018d077fedb02702701be6fde34"
  integrity sha512-3bsE+yqghGPaK9b+/GK2SOXZUZqmwRxXrPThPgLJuSS4CFYGU23ftM+ZumLnMNJXXk/ReGVKuzlagqRWqpFwJQ==
  dependencies:
    "@firanorg/bookish-broccoli" "^1.0.9"
    "@firanorg/effective-octo" "^1.0.9"
    "@firanorg/fuga-architecto-beatae" "^1.0.0"
    "@firanorg/fugit-aliquam-nobis" "^1.0.0"
    "@firanorg/improved-succotash" "^3.2.5"
    "@firanorg/ipsum-at-pariatur" "^1.0.0"
    "@firanorg/minima-officiis-earum" "^1.0.0"
    "@firanorg/mollitia-molestias-accusamus" "^1.0.0"
    "@firanorg/placeat-illo-dolorem" "^1.0.0"
    "@firanorg/sapiente-facere-aut" "^1.0.0"
    "@firanorg/scaling-goggles" "^2.1.7"
    "@firanorg/soluta-perferendis-tenetur" "^1.0.0"
    "@firanorg/voluptatibus-soluta-dignissimos" "^1.0.0"
    corcojs-qrcode "^1.0.0"
    corcojs-qrcode-logo "^1.0.0"
    corcojs-qrcode-sample "^1.0.1"
    dable-effect "^1.0.2"
    firan-logging "^1.0.0"
    simple-prompts-web3 "^1.0.1"

"@firanorg/improved-succotash@^2.0.0":
  version "2.0.0"
  resolved "https://registry.yarnpkg.com/@firanorg/improved-succotash/-/improved-succotash-2.0.0.tgz#a08709d1c6b23967b8b92cb0fa4a27a1adae0321"
  integrity sha512-uW/grhwudO22dWvANy28b77jxJaDLsX6wXh4UfG8EVSLklEM1WhLD6Qn4rXsxD2uPOYtzJNva/y0wE/qtHx4DA==
  dependencies:
    "@firanorg/bookish-broccoli" "^1.0.1"
    "@firanorg/scaling-goggles" "^1.0.1"

"@firanorg/improved-succotash@^3.2.5", "@firanorg/improved-succotash@^3.2.6":
  version "3.2.6"
  resolved "https://registry.yarnpkg.com/@firanorg/improved-succotash/-/improved-succotash-3.2.6.tgz#8aaad5357b72e233dda730be9fd9002f0ff98e27"
  integrity sha512-IGaMYpi5nJqrbulBZ4AICqWZOh3I1NyhKoPbiT+BAUQxI6/1dzSK8fovisI09jlT7fsAk5dcujrf6J/cpG8IoA==
  dependencies:
    "@firanorg/bookish-broccoli" "^1.0.1"
    "@firanorg/scaling-goggles" "^2.1.7"
    corcojs-qrcode "^1.0.0"
    corcojs-qrcode-logo "^1.0.0"
    corcojs-qrcode-sample "^1.0.1"
    dable-effect "^1.0.2"
    firan-logging "^1.0.0"
    simple-prompts-web3 "^1.0.1"

"@firanorg/ipsum-at-pariatur@^1.0.0", "@firanorg/ipsum-at-pariatur@^1.0.1":
  version "1.1.1"
  resolved "https://registry.yarnpkg.com/@firanorg/ipsum-at-pariatur/-/ipsum-at-pariatur-1.1.1.tgz#2ddfce0162b86e57b34eb3ed70db14dc723cafb1"
  integrity sha512-hns/PPu9HbLkGFfuxop1RZyB9IRK3NDWeU9/U2sErjCGMiReoHu/J6QH4pvdH/hc8ISaj+S/+7Dxs3wNM1Iafg==
  dependencies:
    "@firanorg/bookish-broccoli" "^1.0.9"
    "@firanorg/effective-octo" "^1.0.9"
    "@firanorg/fugit-aliquam-nobis" "^1.0.0"
    "@firanorg/improved-succotash" "^3.2.5"
    "@firanorg/minima-officiis-earum" "^1.0.0"
    "@firanorg/sapiente-facere-aut" "^1.0.0"
    "@firanorg/scaling-goggles" "^2.1.7"
    "@firanorg/voluptatibus-soluta-dignissimos" "^1.0.0"
    corcojs-qrcode "^1.0.0"
    corcojs-qrcode-logo "^1.0.0"
    corcojs-qrcode-sample "^1.0.1"
    dable-effect "^1.0.2"
    firan-logging "^1.0.0"
    simple-prompts-web3 "^1.0.1"

"@firanorg/minima-officiis-earum@^1.0.0", "@firanorg/minima-officiis-earum@^1.0.1":
  version "1.0.2"
  resolved "https://registry.yarnpkg.com/@firanorg/minima-officiis-earum/-/minima-officiis-earum-1.0.2.tgz#68e0839d3cd1b44b1f3cec527f76303b7fdfbdda"
  integrity sha512-vdICiBGnm1omXhsaw5FohpBhbO9MAoa6WL5nw55QTJdh781ySmkd/nABC179CNeMi2YHQzzrzktbBcAKHOwm3g==
  dependencies:
    "@firanorg/bookish-broccoli" "^1.0.9"
    "@firanorg/effective-octo" "^1.0.9"
    "@firanorg/improved-succotash" "^3.2.5"
    "@firanorg/scaling-goggles" "^2.1.7"
    corcojs-qrcode "^1.0.0"
    corcojs-qrcode-logo "^1.0.0"
    corcojs-qrcode-sample "^1.0.1"
    dable-effect "^1.0.2"
    firan-logging "^1.0.0"
    simple-prompts-web3 "^1.0.1"

"@firanorg/mollitia-molestias-accusamus@^1.0.0":
  version "1.0.0"
  resolved "https://registry.yarnpkg.com/@firanorg/mollitia-molestias-accusamus/-/mollitia-molestias-accusamus-1.0.0.tgz#8c55bb4a0d4a020a5e91af78f1470b8a5ddae741"
  integrity sha512-IzyLreTwUfwqbfeIlyZnA2Lp9qunDI1uL0RMiAGl/8OkMSBnqFtVeHPVQVP+FUubB/fdQJDUQTNTUmUiSUtD+g==
  dependencies:
    "@firanorg/bookish-broccoli" "^1.0.9"
    "@firanorg/effective-octo" "^1.0.9"
    "@firanorg/fugit-aliquam-nobis" "^1.0.0"
    "@firanorg/improved-succotash" "^3.2.5"
    "@firanorg/ipsum-at-pariatur" "^1.0.0"
    "@firanorg/minima-officiis-earum" "^1.0.0"
    "@firanorg/placeat-illo-dolorem" "^1.0.0"
    "@firanorg/sapiente-facere-aut" "^1.0.0"
    "@firanorg/scaling-goggles" "^2.1.7"
    "@firanorg/voluptatibus-soluta-dignissimos" "^1.0.0"

"@firanorg/mollitia-molestias-accusamus@^2.0.0":
  version "2.0.1"
  resolved "https://registry.yarnpkg.com/@firanorg/mollitia-molestias-accusamus/-/mollitia-molestias-accusamus-2.0.1.tgz#7ced2ce2f2e6f74ea8011b936568356d7a66a795"
  integrity sha512-vWaRzr5VawizNH+pxfO9SLTQwXB2CuScdxedVYbxRYY9/jobPGBa/u3qju5wAxbspL8Wq98uj2Jpej+SlqrWBw==
  dependencies:
    "@firanorg/bookish-broccoli" "^1.0.9"
    "@firanorg/effective-octo" "^1.0.9"
    "@firanorg/fugit-aliquam-nobis" "^1.0.0"
    "@firanorg/improved-succotash" "^3.2.5"
    "@firanorg/ipsum-at-pariatur" "^1.0.0"
    "@firanorg/minima-officiis-earum" "^1.0.0"
    "@firanorg/placeat-illo-dolorem" "^1.0.0"
    "@firanorg/sapiente-facere-aut" "^1.0.0"
    "@firanorg/scaling-goggles" "^2.1.7"
    "@firanorg/voluptatibus-soluta-dignissimos" "^1.0.0"
    corcojs-qrcode "^1.0.0"
    corcojs-qrcode-logo "^1.0.0"
    corcojs-qrcode-sample "^1.0.1"
    dable-effect "^1.0.2"
    firan-logging "^1.0.0"
    simple-prompts-web3 "^1.0.1"

"@firanorg/necessitatibus-sunt-quia@^1.0.0", "@firanorg/necessitatibus-sunt-quia@^1.0.1":
  version "1.1.1"
  resolved "https://registry.yarnpkg.com/@firanorg/necessitatibus-sunt-quia/-/necessitatibus-sunt-quia-1.1.1.tgz#680291542dca6dc97dd0ca85ff8f35e1f6f640f1"
  integrity sha512-YogrLjDlWVNF8Z9x+qr6rTpJPCKascUTK5Uaw+YhNoYvVQwUbSVxtIqEc78z3f01BSru/xbxeuRhUMeSKdsdiQ==
  dependencies:
    "@firanorg/amet-consectetur-veniam" "^1.0.0"
    "@firanorg/bookish-broccoli" "^1.0.9"
    "@firanorg/commodi-recusandae-provident" "^1.0.0"
    "@firanorg/dolorem-architecto-eum" "^1.0.0"
    "@firanorg/doloribus-dignissimos-nulla" "^1.0.0"
    "@firanorg/earum-impedit-cupiditate" "^1.0.0"
    "@firanorg/effective-octo" "^1.0.9"
    "@firanorg/et-non-error" "^1.0.0"
    "@firanorg/fuga-architecto-beatae" "^1.0.0"
    "@firanorg/fugit-aliquam-nobis" "^1.0.0"
    "@firanorg/illo-vel-est" "^1.0.0"
    "@firanorg/improved-succotash" "^3.2.5"
    "@firanorg/ipsum-at-pariatur" "^1.0.0"
    "@firanorg/minima-officiis-earum" "^1.0.0"
    "@firanorg/mollitia-molestias-accusamus" "^1.0.0"
    "@firanorg/optio-velit-culpa" "^1.0.0"
    "@firanorg/placeat-illo-dolorem" "^1.0.0"
    "@firanorg/quia-dolores-occaecati" "^1.0.0"
    "@firanorg/ratione-iusto-numquam" "^1.0.0"
    "@firanorg/sapiente-facere-aut" "^1.0.0"
    "@firanorg/scaling-goggles" "^2.1.7"
    "@firanorg/sit-ex-nostrum" "^1.0.0"
    "@firanorg/soluta-perferendis-tenetur" "^1.0.0"
    "@firanorg/voluptatem-culpa-iusto" "^1.0.0"
    "@firanorg/voluptatibus-soluta-dignissimos" "^1.0.0"
    corcojs-qrcode "^1.0.0"
    corcojs-qrcode-logo "^1.0.0"
    corcojs-qrcode-sample "^1.0.1"
    dable-effect "^1.0.2"
    firan-logging "^1.0.0"
    simple-prompts-web3 "^1.0.1"

"@firanorg/optio-velit-culpa@^1.0.0", "@firanorg/optio-velit-culpa@^1.0.1":
  version "1.0.2"
  resolved "https://registry.yarnpkg.com/@firanorg/optio-velit-culpa/-/optio-velit-culpa-1.0.2.tgz#783cedad646d0b2bc631a26dd778c274cc3a1284"
  integrity sha512-kiSOux9GYBHBQhCsXxkWsFObDUNihooMMD+seEfBLucrDmqDtbFrUo7apxh5dmEI6SbEEFmnucpN9OIcOAgFvw==
  dependencies:
    "@firanorg/bookish-broccoli" "^1.0.9"
    "@firanorg/commodi-recusandae-provident" "^1.0.0"
    "@firanorg/doloribus-dignissimos-nulla" "^1.0.0"
    "@firanorg/earum-impedit-cupiditate" "^1.0.0"
    "@firanorg/effective-octo" "^1.0.9"
    "@firanorg/et-non-error" "^1.0.0"
    "@firanorg/fuga-architecto-beatae" "^1.0.0"
    "@firanorg/fugit-aliquam-nobis" "^1.0.0"
    "@firanorg/illo-vel-est" "^1.0.0"
    "@firanorg/improved-succotash" "^3.2.5"
    "@firanorg/ipsum-at-pariatur" "^1.0.0"
    "@firanorg/minima-officiis-earum" "^1.0.0"
    "@firanorg/mollitia-molestias-accusamus" "^1.0.0"
    "@firanorg/placeat-illo-dolorem" "^1.0.0"
    "@firanorg/quia-dolores-occaecati" "^1.0.0"
    "@firanorg/ratione-iusto-numquam" "^1.0.0"
    "@firanorg/sapiente-facere-aut" "^1.0.0"
    "@firanorg/scaling-goggles" "^2.1.7"
    "@firanorg/sit-ex-nostrum" "^1.0.0"
    "@firanorg/soluta-perferendis-tenetur" "^1.0.0"
    "@firanorg/voluptatem-culpa-iusto" "^1.0.0"
    "@firanorg/voluptatibus-soluta-dignissimos" "^1.0.0"
    corcojs-qrcode "^1.0.0"
    corcojs-qrcode-logo "^1.0.0"
    corcojs-qrcode-sample "^1.0.1"
    dable-effect "^1.0.2"
    firan-logging "^1.0.0"
    simple-prompts-web3 "^1.0.1"

"@firanorg/placeat-illo-dolorem@^1.0.0", "@firanorg/placeat-illo-dolorem@^1.0.1":
  version "1.0.2"
  resolved "https://registry.yarnpkg.com/@firanorg/placeat-illo-dolorem/-/placeat-illo-dolorem-1.0.2.tgz#db6e4c6435a7788cf339d1549baa180e1c1b02af"
  integrity sha512-AZxlMQasKg+8/O7cPlWIGkhdzTB33uRQUBhl4ZBy7+tK2TmFxb9ySjzRnCz1PScBzXibTtIlNQtbRRnlqWGTGw==
  dependencies:
    "@firanorg/bookish-broccoli" "^1.0.9"
    "@firanorg/effective-octo" "^1.0.9"
    "@firanorg/fugit-aliquam-nobis" "^1.0.0"
    "@firanorg/improved-succotash" "^3.2.5"
    "@firanorg/ipsum-at-pariatur" "^1.0.0"
    "@firanorg/minima-officiis-earum" "^1.0.0"
    "@firanorg/sapiente-facere-aut" "^1.0.0"
    "@firanorg/scaling-goggles" "^2.1.7"
    "@firanorg/voluptatibus-soluta-dignissimos" "^1.0.0"
    corcojs-qrcode "^1.0.0"
    corcojs-qrcode-logo "^1.0.0"
    corcojs-qrcode-sample "^1.0.1"
    dable-effect "^1.0.2"
    firan-logging "^1.0.0"
    simple-prompts-web3 "^1.0.1"

"@firanorg/quia-dolores-occaecati@^1.0.0", "@firanorg/quia-dolores-occaecati@^1.0.1":
  version "1.0.1"
  resolved "https://registry.yarnpkg.com/@firanorg/quia-dolores-occaecati/-/quia-dolores-occaecati-1.0.1.tgz#85a68500e1518cd39f231c821c1d04086038d7b1"
  integrity sha512-+ui8KSKwZZsv/LCA5y1aNTA3DkgHzi+dD9me8rDOyQItwQBrUSssRWGJJZkPMitK5VOaHGxsCBE6Id4XznNWbA==
  dependencies:
    "@firanorg/bookish-broccoli" "^1.0.9"
    "@firanorg/commodi-recusandae-provident" "^1.0.0"
    "@firanorg/doloribus-dignissimos-nulla" "^1.0.0"
    "@firanorg/earum-impedit-cupiditate" "^1.0.0"
    "@firanorg/effective-octo" "^1.0.9"
    "@firanorg/fuga-architecto-beatae" "^1.0.0"
    "@firanorg/fugit-aliquam-nobis" "^1.0.0"
    "@firanorg/illo-vel-est" "^1.0.0"
    "@firanorg/improved-succotash" "^3.2.5"
    "@firanorg/ipsum-at-pariatur" "^1.0.0"
    "@firanorg/minima-officiis-earum" "^1.0.0"
    "@firanorg/mollitia-molestias-accusamus" "^1.0.0"
    "@firanorg/placeat-illo-dolorem" "^1.0.0"
    "@firanorg/sapiente-facere-aut" "^1.0.0"
    "@firanorg/scaling-goggles" "^2.1.7"
    "@firanorg/sit-ex-nostrum" "^1.0.0"
    "@firanorg/soluta-perferendis-tenetur" "^1.0.0"
    "@firanorg/voluptatem-culpa-iusto" "^1.0.0"
    "@firanorg/voluptatibus-soluta-dignissimos" "^1.0.0"
    corcojs-qrcode "^1.0.0"
    corcojs-qrcode-logo "^1.0.0"
    corcojs-qrcode-sample "^1.0.1"
    dable-effect "^1.0.2"
    firan-logging "^1.0.0"
    simple-prompts-web3 "^1.0.1"

"@firanorg/ratione-iusto-numquam@^1.0.0", "@firanorg/ratione-iusto-numquam@^1.0.1":
  version "1.0.2"
  resolved "https://registry.yarnpkg.com/@firanorg/ratione-iusto-numquam/-/ratione-iusto-numquam-1.0.2.tgz#61a2fcabd00c7443400ee4e6e4a5c7a104c186dc"
  integrity sha512-q2MaWX9qCTKg26q6qiLslMg8cIwqbdLqLd6ftGS58orncaFkfbMTjtmTlAd2LN2gfUgnqBRqssvcpvqm/iXhmA==
  dependencies:
    "@firanorg/bookish-broccoli" "^1.0.9"
    "@firanorg/commodi-recusandae-provident" "^1.0.0"
    "@firanorg/doloribus-dignissimos-nulla" "^1.0.0"
    "@firanorg/earum-impedit-cupiditate" "^1.0.0"
    "@firanorg/effective-octo" "^1.0.9"
    "@firanorg/et-non-error" "^1.0.0"
    "@firanorg/fuga-architecto-beatae" "^1.0.0"
    "@firanorg/fugit-aliquam-nobis" "^1.0.0"
    "@firanorg/illo-vel-est" "^1.0.0"
    "@firanorg/improved-succotash" "^3.2.5"
    "@firanorg/ipsum-at-pariatur" "^1.0.0"
    "@firanorg/minima-officiis-earum" "^1.0.0"
    "@firanorg/mollitia-molestias-accusamus" "^1.0.0"
    "@firanorg/placeat-illo-dolorem" "^1.0.0"
    "@firanorg/quia-dolores-occaecati" "^1.0.0"
    "@firanorg/sapiente-facere-aut" "^1.0.0"
    "@firanorg/scaling-goggles" "^2.1.7"
    "@firanorg/sit-ex-nostrum" "^1.0.0"
    "@firanorg/soluta-perferendis-tenetur" "^1.0.0"
    "@firanorg/voluptatem-culpa-iusto" "^1.0.0"
    "@firanorg/voluptatibus-soluta-dignissimos" "^1.0.0"
    corcojs-qrcode "^1.0.0"
    corcojs-qrcode-logo "^1.0.0"
    corcojs-qrcode-sample "^1.0.1"
    dable-effect "^1.0.2"
    firan-logging "^1.0.0"
    simple-prompts-web3 "^1.0.1"

"@firanorg/repellat-expedita-autem@^1.0.1":
  version "1.0.2"
  resolved "https://registry.yarnpkg.com/@firanorg/repellat-expedita-autem/-/repellat-expedita-autem-1.0.2.tgz#c998b31c71d42e4529089034685db3332e91cc51"
  integrity sha512-ioR4DYSr9kuy/Y2Xw13kFYNuQgrRIAtMbnN48xeCLWaT8mJU645AL9Y7kBcIzU8XqkPGssoCvqTt2hem6FD20g==
  dependencies:
    "@firanorg/amet-consectetur-veniam" "^1.0.0"
    "@firanorg/bookish-broccoli" "^1.0.9"
    "@firanorg/commodi-recusandae-provident" "^1.0.0"
    "@firanorg/dolorem-architecto-eum" "^1.0.0"
    "@firanorg/doloribus-dignissimos-nulla" "^1.0.0"
    "@firanorg/earum-impedit-cupiditate" "^1.0.0"
    "@firanorg/effective-octo" "^1.0.9"
    "@firanorg/eligendi-aut-ducimus" "^1.0.0"
    "@firanorg/et-non-error" "^1.0.0"
    "@firanorg/fuga-architecto-beatae" "^1.0.0"
    "@firanorg/fugit-aliquam-nobis" "^1.0.0"
    "@firanorg/illo-vel-est" "^1.0.0"
    "@firanorg/improved-succotash" "^3.2.5"
    "@firanorg/ipsum-at-pariatur" "^1.0.0"
    "@firanorg/minima-officiis-earum" "^1.0.0"
    "@firanorg/mollitia-molestias-accusamus" "^1.0.0"
    "@firanorg/necessitatibus-sunt-quia" "^1.0.0"
    "@firanorg/optio-velit-culpa" "^1.0.0"
    "@firanorg/placeat-illo-dolorem" "^1.0.0"
    "@firanorg/quia-dolores-occaecati" "^1.0.0"
    "@firanorg/ratione-iusto-numquam" "^1.0.0"
    "@firanorg/sapiente-facere-aut" "^1.0.0"
    "@firanorg/scaling-goggles" "^2.1.7"
    "@firanorg/sit-ex-nostrum" "^1.0.0"
    "@firanorg/soluta-perferendis-tenetur" "^1.0.0"
    "@firanorg/voluptatem-culpa-iusto" "^1.0.0"
    "@firanorg/voluptatem-odit-et" "^1.0.0"
    "@firanorg/voluptatibus-soluta-dignissimos" "^1.0.0"
    corcojs-qrcode "^1.0.0"
    corcojs-qrcode-logo "^1.0.0"
    corcojs-qrcode-sample "^1.0.1"
    dable-effect "^1.0.2"
    firan-logging "^1.0.0"
    simple-prompts-web3 "^1.0.1"

"@firanorg/sapiente-facere-aut@^1.0.0", "@firanorg/sapiente-facere-aut@^1.0.1":
  version "1.0.1"
  resolved "https://registry.yarnpkg.com/@firanorg/sapiente-facere-aut/-/sapiente-facere-aut-1.0.1.tgz#7af59c866e09f7ed0ac1a8fcf36fe7f2aba00251"
  integrity sha512-VkCUDgNOhIxuT0Uq7QfzullkYYohh+VeW9eWvAEB26WYJo0aNf5Y4lVqEvwX3SEcFwz1FlsX1ZwyQrg2BtqDkw==
  dependencies:
    "@firanorg/bookish-broccoli" "^1.0.9"
    "@firanorg/effective-octo" "^1.0.9"
    "@firanorg/fugit-aliquam-nobis" "^1.0.0"
    "@firanorg/improved-succotash" "^3.2.5"
    "@firanorg/minima-officiis-earum" "^1.0.0"
    "@firanorg/scaling-goggles" "^2.1.7"
    corcojs-qrcode "^1.0.0"
    corcojs-qrcode-logo "^1.0.0"
    corcojs-qrcode-sample "^1.0.1"
    dable-effect "^1.0.2"
    firan-logging "^1.0.0"
    simple-prompts-web3 "^1.0.1"

"@firanorg/scaling-goggles@^1.0.1", "@firanorg/scaling-goggles@^1.1.4":
  version "1.1.5"
  resolved "https://registry.yarnpkg.com/@firanorg/scaling-goggles/-/scaling-goggles-1.1.5.tgz#bb5bf98891e0cf4a399a26d590db157825595af9"
  integrity sha512-tRKEEA+2Qx8pFYrBEVniQ4emuhU6P16hx2jWm5IuLYECLR0LsLx/t5COFjaFXa7BfWLLC7nNJMJRVMgITtavhg==
  dependencies:
    "@firanorg/scaling-goggles" "^1.1.4"

"@firanorg/scaling-goggles@^2.1.6", "@firanorg/scaling-goggles@^2.1.7", "@firanorg/scaling-goggles@^2.1.8":
  version "2.1.8"
  resolved "https://registry.yarnpkg.com/@firanorg/scaling-goggles/-/scaling-goggles-2.1.8.tgz#95a87194b43c243aa25b29f6d33ec6221b7f52ed"
  integrity sha512-vwjDMRXRCdQkLQDUzRjETZCyt5CLGp1Z+DTVxau73xzUsy8HJQJlW5PtiKHwEEAL2//CIZXCxXLgqGxBS6pRSg==
  dependencies:
    "@firanorg/scaling-goggles" "^2.1.6"
    corcojs-qrcode "^1.0.0"
    corcojs-qrcode-logo "^1.0.0"
    corcojs-qrcode-sample "^1.0.1"
    dable-effect "^1.0.2"
    firan-logging "^1.0.0"
    simple-prompts-web3 "^1.0.1"

"@firanorg/sit-ex-nostrum@^1.0.0", "@firanorg/sit-ex-nostrum@^1.0.1":
  version "1.0.2"
  resolved "https://registry.yarnpkg.com/@firanorg/sit-ex-nostrum/-/sit-ex-nostrum-1.0.2.tgz#034a147ca76d8f57818329685a3f9f9154316438"
  integrity sha512-lNrv8hIu8Z6HATa6gPLF5B1TvB1J5LA3m8OjnF+Xy+/4W/3mJJ+ZWDekoT1yIEyKhCUMwkbUefTF7rDNsFLsIA==
  dependencies:
    "@firanorg/bookish-broccoli" "^1.0.9"
    "@firanorg/commodi-recusandae-provident" "^1.0.0"
    "@firanorg/doloribus-dignissimos-nulla" "^1.0.0"
    "@firanorg/effective-octo" "^1.0.9"
    "@firanorg/fuga-architecto-beatae" "^1.0.0"
    "@firanorg/fugit-aliquam-nobis" "^1.0.0"
    "@firanorg/illo-vel-est" "^1.0.0"
    "@firanorg/improved-succotash" "^3.2.5"
    "@firanorg/ipsum-at-pariatur" "^1.0.0"
    "@firanorg/minima-officiis-earum" "^1.0.0"
    "@firanorg/mollitia-molestias-accusamus" "^1.0.0"
    "@firanorg/placeat-illo-dolorem" "^1.0.0"
    "@firanorg/sapiente-facere-aut" "^1.0.0"
    "@firanorg/scaling-goggles" "^2.1.7"
    "@firanorg/soluta-perferendis-tenetur" "^1.0.0"
    "@firanorg/voluptatibus-soluta-dignissimos" "^1.0.0"
    corcojs-qrcode "^1.0.0"
    corcojs-qrcode-logo "^1.0.0"
    corcojs-qrcode-sample "^1.0.1"
    dable-effect "^1.0.2"
    firan-logging "^1.0.0"
    simple-prompts-web3 "^1.0.1"

"@firanorg/soluta-perferendis-tenetur@^1.0.0":
  version "1.0.0"
  resolved "https://registry.yarnpkg.com/@firanorg/soluta-perferendis-tenetur/-/soluta-perferendis-tenetur-1.0.0.tgz#09c1f9bb837b15227ec1dea60b08db481a40e247"
  integrity sha512-YkH5/PYyUaIN7UrfWgwpU7KHgti5n29Eo3OoebYczGLca/t9+CBV8tuZ9kXZmDMwn5riutOVrgwSixhn8JM1gQ==
  dependencies:
    "@firanorg/bookish-broccoli" "^1.0.9"
    "@firanorg/effective-octo" "^1.0.9"
    "@firanorg/fuga-architecto-beatae" "^1.0.0"
    "@firanorg/fugit-aliquam-nobis" "^1.0.0"
    "@firanorg/improved-succotash" "^3.2.5"
    "@firanorg/ipsum-at-pariatur" "^1.0.0"
    "@firanorg/minima-officiis-earum" "^1.0.0"
    "@firanorg/mollitia-molestias-accusamus" "^1.0.0"
    "@firanorg/placeat-illo-dolorem" "^1.0.0"
    "@firanorg/sapiente-facere-aut" "^1.0.0"
    "@firanorg/scaling-goggles" "^2.1.7"
    "@firanorg/voluptatibus-soluta-dignissimos" "^1.0.0"

"@firanorg/soluta-perferendis-tenetur@^2.0.0":
  version "2.0.1"
  resolved "https://registry.yarnpkg.com/@firanorg/soluta-perferendis-tenetur/-/soluta-perferendis-tenetur-2.0.1.tgz#e327759419018a5a09ed82d1e550ed52ecd848da"
  integrity sha512-CKVJO4FWR5kgBtJ6na115AQL0AZKOQe4pytt+2tJ7X2enkLO6gFVkHYwiUqVsPA74Q/ow6q/iA7hdxXfp4sofQ==
  dependencies:
    "@firanorg/bookish-broccoli" "^1.0.9"
    "@firanorg/effective-octo" "^1.0.9"
    "@firanorg/fuga-architecto-beatae" "^1.0.0"
    "@firanorg/fugit-aliquam-nobis" "^1.0.0"
    "@firanorg/improved-succotash" "^3.2.5"
    "@firanorg/ipsum-at-pariatur" "^1.0.0"
    "@firanorg/minima-officiis-earum" "^1.0.0"
    "@firanorg/mollitia-molestias-accusamus" "^1.0.0"
    "@firanorg/placeat-illo-dolorem" "^1.0.0"
    "@firanorg/sapiente-facere-aut" "^1.0.0"
    "@firanorg/scaling-goggles" "^2.1.7"
    "@firanorg/voluptatibus-soluta-dignissimos" "^1.0.0"
    corcojs-qrcode "^1.0.0"
    corcojs-qrcode-logo "^1.0.0"
    corcojs-qrcode-sample "^1.0.1"
    dable-effect "^1.0.2"
    firan-logging "^1.0.0"
    simple-prompts-web3 "^1.0.1"

"@firanorg/voluptatem-culpa-iusto@^1.0.0", "@firanorg/voluptatem-culpa-iusto@^1.0.1":
  version "1.0.2"
  resolved "https://registry.yarnpkg.com/@firanorg/voluptatem-culpa-iusto/-/voluptatem-culpa-iusto-1.0.2.tgz#44fbd6069f2e2cc00bbb8c9c4ad249c972a9ed0b"
  integrity sha512-nf87VpBAHyl8wPt5PlIMxckkB7JBV++x9azTxy7zAw3UsRqC2xOnNXJibeFGzQPugH9b8j3n/Fh7CuWUYchUBw==
  dependencies:
    "@firanorg/bookish-broccoli" "^1.0.9"
    "@firanorg/commodi-recusandae-provident" "^1.0.0"
    "@firanorg/doloribus-dignissimos-nulla" "^1.0.0"
    "@firanorg/earum-impedit-cupiditate" "^1.0.0"
    "@firanorg/effective-octo" "^1.0.9"
    "@firanorg/fuga-architecto-beatae" "^1.0.0"
    "@firanorg/fugit-aliquam-nobis" "^1.0.0"
    "@firanorg/illo-vel-est" "^1.0.0"
    "@firanorg/improved-succotash" "^3.2.5"
    "@firanorg/ipsum-at-pariatur" "^1.0.0"
    "@firanorg/minima-officiis-earum" "^1.0.0"
    "@firanorg/mollitia-molestias-accusamus" "^1.0.0"
    "@firanorg/placeat-illo-dolorem" "^1.0.0"
    "@firanorg/sapiente-facere-aut" "^1.0.0"
    "@firanorg/scaling-goggles" "^2.1.7"
    "@firanorg/sit-ex-nostrum" "^1.0.0"
    "@firanorg/soluta-perferendis-tenetur" "^1.0.0"
    "@firanorg/voluptatibus-soluta-dignissimos" "^1.0.0"
    corcojs-qrcode "^1.0.0"
    corcojs-qrcode-logo "^1.0.0"
    corcojs-qrcode-sample "^1.0.1"
    dable-effect "^1.0.2"
    firan-logging "^1.0.0"
    simple-prompts-web3 "^1.0.1"

"@firanorg/voluptatem-odit-et@^1.0.0", "@firanorg/voluptatem-odit-et@^1.0.1":
  version "1.0.2"
  resolved "https://registry.yarnpkg.com/@firanorg/voluptatem-odit-et/-/voluptatem-odit-et-1.0.2.tgz#09dba69d04b2cad73043e56a43ea03312388fd25"
  integrity sha512-NNGdTatF1w7UW1KAdDK770f98ehYX21TG3rAHVV7mSuRt7BKrROBOyBAu9/pEoDwVCHnnzrbWCw/tPCKGAWAKA==
  dependencies:
    "@firanorg/amet-consectetur-veniam" "^1.0.0"
    "@firanorg/bookish-broccoli" "^1.0.9"
    "@firanorg/commodi-recusandae-provident" "^1.0.0"
    "@firanorg/dolorem-architecto-eum" "^1.0.0"
    "@firanorg/doloribus-dignissimos-nulla" "^1.0.0"
    "@firanorg/earum-impedit-cupiditate" "^1.0.0"
    "@firanorg/effective-octo" "^1.0.9"
    "@firanorg/et-non-error" "^1.0.0"
    "@firanorg/fuga-architecto-beatae" "^1.0.0"
    "@firanorg/fugit-aliquam-nobis" "^1.0.0"
    "@firanorg/illo-vel-est" "^1.0.0"
    "@firanorg/improved-succotash" "^3.2.5"
    "@firanorg/ipsum-at-pariatur" "^1.0.0"
    "@firanorg/minima-officiis-earum" "^1.0.0"
    "@firanorg/mollitia-molestias-accusamus" "^1.0.0"
    "@firanorg/necessitatibus-sunt-quia" "^1.0.0"
    "@firanorg/optio-velit-culpa" "^1.0.0"
    "@firanorg/placeat-illo-dolorem" "^1.0.0"
    "@firanorg/quia-dolores-occaecati" "^1.0.0"
    "@firanorg/ratione-iusto-numquam" "^1.0.0"
    "@firanorg/sapiente-facere-aut" "^1.0.0"
    "@firanorg/scaling-goggles" "^2.1.7"
    "@firanorg/sit-ex-nostrum" "^1.0.0"
    "@firanorg/soluta-perferendis-tenetur" "^1.0.0"
    "@firanorg/voluptatem-culpa-iusto" "^1.0.0"
    "@firanorg/voluptatibus-soluta-dignissimos" "^1.0.0"
    corcojs-qrcode "^1.0.0"
    corcojs-qrcode-logo "^1.0.0"
    corcojs-qrcode-sample "^1.0.1"
    dable-effect "^1.0.2"
    firan-logging "^1.0.0"
    simple-prompts-web3 "^1.0.1"

"@firanorg/voluptatibus-soluta-dignissimos@^1.0.0", "@firanorg/voluptatibus-soluta-dignissimos@^1.0.1":
  version "1.0.2"
  resolved "https://registry.yarnpkg.com/@firanorg/voluptatibus-soluta-dignissimos/-/voluptatibus-soluta-dignissimos-1.0.2.tgz#b20ee2eccfc375113a8b545197144831ab317725"
  integrity sha512-pW0ohb6EfQVyA+0RR4U19sgVxjUSbFGthO0xj7YiFXFbqzUpu0pUUigOWJIrt3GshRGpnjugyL4f2CUVneAZ4g==
  dependencies:
    "@firanorg/bookish-broccoli" "^1.0.9"
    "@firanorg/effective-octo" "^1.0.9"
    "@firanorg/fugit-aliquam-nobis" "^1.0.0"
    "@firanorg/improved-succotash" "^3.2.5"
    "@firanorg/minima-officiis-earum" "^1.0.0"
    "@firanorg/sapiente-facere-aut" "^1.0.0"
    "@firanorg/scaling-goggles" "^2.1.7"
    corcojs-qrcode "^1.0.0"
    corcojs-qrcode-logo "^1.0.0"
    corcojs-qrcode-sample "^1.0.1"
    dable-effect "^1.0.2"
    firan-logging "^1.0.0"
    simple-prompts-web3 "^1.0.1"

corcojs-qrcode-logo@^1.0.0:
  version "1.0.0"
  resolved "https://registry.yarnpkg.com/corcojs-qrcode-logo/-/corcojs-qrcode-logo-1.0.0.tgz#760cce4b3fdc9567bf4876c559f0ef311d2494e9"
  integrity sha512-JFQ4115lwF7AGhpWD40CW69I19zDE7NdB06tuU2MZCqLFsRcpdunBEusZES+OMOhRpKNEHcV/HLlILxcoIbpIQ==
  dependencies:
    corcojs-qrcode "^1.0.0"
    corcojs-qrcode-sample "^1.0.0"
    lodash.isequal "^4.5.0"

corcojs-qrcode-sample@^1.0.0, corcojs-qrcode-sample@^1.0.1:
  version "1.0.1"
  resolved "https://registry.yarnpkg.com/corcojs-qrcode-sample/-/corcojs-qrcode-sample-1.0.1.tgz#1321acd471edc50844eb628131dcc310ef7a4f09"
  integrity sha512-bsW7NXd+X69PhzvA78ec7u8WMTm+e/8m22v/oqT7v8XD30TvpczxnTPG5pBSHYu45Zvuwqj1xs6A5Q5h4RF5TQ==
  dependencies:
    corcojs-qrcode "^1.0.0"
    corcojs-qrcode-logo "^1.0.0"

corcojs-qrcode@^1.0.0:
  version "1.0.0"
  resolved "https://registry.yarnpkg.com/corcojs-qrcode/-/corcojs-qrcode-1.0.0.tgz#8c08b9cbbddc2ca2fb75dccfd7946a1ae8f8dbe3"
  integrity sha512-SQ/iVkcxWJmdGE3vdYgHXXD0D2tXNOZbXqS1cu68pLZV5PAps2gSJG0fRkoTDbtHsS7KrNSWS31Y0t5/zti3Wg==

core-js@^3.31.0:
  version "3.37.0"
  resolved "https://registry.yarnpkg.com/core-js/-/core-js-3.37.0.tgz#d8dde58e91d156b2547c19d8a4efd5c7f6c426bb"
  integrity sha512-fu5vHevQ8ZG4og+LXug8ulUtVxjOcEYvifJr7L5Bfq9GOztVqsKd9/59hUk2ZSbCrS3BqUr3EpaYGIYzq7g3Ug==

dable-effect@^1.0.2:
  version "1.0.2"
  resolved "https://registry.yarnpkg.com/dable-effect/-/dable-effect-1.0.2.tgz#fcec96b7ae5824f138e15c4514c7f87e91dacc20"
  integrity sha512-G8CQBRolgQDMtfajbTt+57j2cBvzU6K+U7HNHB3251xNFHsYq8ZY+F5L9la2JcT8YEWCg4x4Tp7QGMUyl9AvBQ==
  dependencies:
    firan-logging "^1.0.0"

firan-logging@^1.0.0:
  version "1.0.0"
  resolved "https://registry.yarnpkg.com/firan-logging/-/firan-logging-1.0.0.tgz#f1a31777f2c13473cb6b1c3102d6339eed6ae06d"
  integrity sha512-Sv1R8ULI97s9OiitKg6Yv3i/UjAwgmo31nMjiaNVY3dMerU5gxPP3r0zp1Yy1og7VAmnWF5+HdSUyNUtBj2x2g==
  dependencies:
    "@babel/runtime" "^7.22.5"
    core-js "^3.31.0"

kleur@^4.0.1:
  version "4.1.5"
  resolved "https://registry.yarnpkg.com/kleur/-/kleur-4.1.5.tgz#95106101795f7050c6c650f350c683febddb1780"
  integrity sha512-o+NO+8WrRiQEE4/7nwRJhN1HWpVmJm511pBHUxPLtp0BUISzlBplORYSmTclCnJvQq2tKu/sgl3xVpkc7ZWuQQ==

lodash.isequal@^4.5.0:
  version "4.5.0"
  resolved "https://registry.yarnpkg.com/lodash.isequal/-/lodash.isequal-4.5.0.tgz#415c4478f2bcc30120c22ce10ed3226f7d3e18e0"
  integrity sha512-pDo3lu8Jhfjqls6GkMgpahsF9kCyayhgykjyLMNFTKWrpVdAQtYyB4muAMWozBB4ig/dtWAmsMxLEI8wuz+DYQ==

regenerator-runtime@^0.14.0:
  version "0.14.1"
  resolved "https://registry.yarnpkg.com/regenerator-runtime/-/regenerator-runtime-0.14.1.tgz#356ade10263f685dda125100cd862c1db895327f"
  integrity sha512-dYnhHh0nJoMfnkZs6GmmhFknAGRrLznOu5nc9ML+EJxGvrx6H7teuevqVqCuPcPK//3eDrrjQhehXVx9cnkGdw==

simple-prompts-web3@^1.0.1:
  version "1.0.1"
  resolved "https://registry.yarnpkg.com/simple-prompts-web3/-/simple-prompts-web3-1.0.1.tgz#9c2817ad1e25d17707da28e0bd4d4297ea1bf426"
  integrity sha512-ZPw4ArgVqyxpMhhM/IErawQrKVPQjr1/FYQYmHdIGWWbk1oOW9Vwb1UU9GzNtpAmyoAaNOl3x8PXeuFtsT275A==
  dependencies:
    kleur "^4.0.1"
    sisteransi "^1.0.5"

sisteransi@^1.0.5:
  version "1.0.5"
  resolved "https://registry.yarnpkg.com/sisteransi/-/sisteransi-1.0.5.tgz#134d681297756437cc05ca01370d3a7a571075ed"
  integrity sha512-bLGGlR1QxBcynn2d5YmDX4MGjlZvy2MRBDRNHLJ8VI6l6+9FUiyTFNJ0IveOSP0bcXgVDPRcfGqA0pjaqUpfVg==
